PODS:
  - NextLevel (0.16.0)
  - RPCircularProgress (0.5.0)

DEPENDENCIES:
  - NextLevel (= 0.16.0)
  - RPCircularProgress (= 0.5.0)

SPEC REPOS:
  https://github.com/cocoapods/specs.git:
    - NextLevel
    - RPCircularProgress

SPEC CHECKSUMS:
  NextLevel: 160b90a86bb36b6fda7c03b8f238a923df880ce5
  RPCircularProgress: 4499d4a1453dfbd3fe5bd8c6f344fd51cff3ad00

PODFILE CHECKSUM: 78c5323aefc35d0227fd127e4367a22a63fc60e6

COCOAPODS: 1.7.0.rc.2
